
Microsoft Visual Studio Solution File, Format Version 12.00
# Visual Studio Version 17
VisualStudioVersion = 17.5.33627.172
MinimumVisualStudioVersion = 10.0.40219.1
Project("{FAE04EC0-301F-11D3-BF4B-00C04F79EFBC}") = "Mp3Player", "Mp3Player\Mp3Player.csproj", "{B52ECE58-F76D-4EA2-BB2D-C8950AB0546E}"
EndProject
Global
	GlobalSection(SolutionConfigurationPlatforms) = preSolution
		Debug|Any CPU = Debug|Any CPU
		Release|Any CPU = Release|Any CPU
	EndGlobalSection
	GlobalSection(ProjectConfigurationPlatforms) = postSolution
		{B52ECE58-F76D-4EA2-BB2D-C8950AB0546E}.Debug|Any CPU.ActiveCfg = Debug|Any CPU
		{B52ECE58-F76D-4EA2-BB2D-C8950AB0546E}.Debug|Any CPU.Build.0 = Debug|Any CPU
		{B52ECE58-F76D-4EA2-BB2D-C8950AB0546E}.Release|Any CPU.ActiveCfg = Release|Any CPU
		{B52ECE58-F76D-4EA2-BB2D-C8950AB0546E}.Release|Any CPU.Build.0 = Release|Any CPU
	EndGlobalSection
	GlobalSection(SolutionProperties) = preSolution
		HideSolutionNode = FALSE
	EndGlobalSection
	GlobalSection(ExtensibilityGlobals) = postSolution
		SolutionGuid = {28A6DE60-591D-4DCD-BDA9-E696B7B503C8}
	EndGlobalSection
EndGlobal
